
Microsoft Visual Studio Solution File, Format Version 12.00
# Visual Studio Version 17
VisualStudioVersion = 17.3.32901.215
MinimumVisualStudioVersion = 10.0.40219.1
Project("{FAE04EC0-301F-11D3-BF4B-00C04F79EFBC}") = "MainPiano", "MainPiano\MainPiano.csproj", "{EB6DDA0A-FC42-4807-98D5-5E7CAB0FB62C}"
EndProject
Global
	GlobalSection(SolutionConfigurationPlatforms) = preSolution
		Debug|Any CPU = Debug|Any CPU
		Release|Any CPU = Release|Any CPU
	EndGlobalSection
	GlobalSection(ProjectConfigurationPlatforms) = postSolution
		{EB6DDA0A-FC42-4807-98D5-5E7CAB0FB62C}.Debug|Any CPU.ActiveCfg = Debug|Any CPU
		{EB6DDA0A-FC42-4807-98D5-5E7CAB0FB62C}.Debug|Any CPU.Build.0 = Debug|Any CPU
		{EB6DDA0A-FC42-4807-98D5-5E7CAB0FB62C}.Release|Any CPU.ActiveCfg = Release|Any CPU
		{EB6DDA0A-FC42-4807-98D5-5E7CAB0FB62C}.Release|Any CPU.Build.0 = Release|Any CPU
	EndGlobalSection
	GlobalSection(SolutionProperties) = preSolution
		HideSolutionNode = FALSE
	EndGlobalSection
	GlobalSection(ExtensibilityGlobals) = postSolution
		SolutionGuid = {9C86DCFF-E841-4FE4-BA29-568336F325A7}
	EndGlobalSection
EndGlobal
